
Microsoft Visual Studio Solution File, Format Version 12.00
# Visual Studio 2013
VisualStudioVersion = 12.0.31101.0
MinimumVisualStudioVersion = 10.0.40219.1
Project("{FAE04EC0-301F-11D3-BF4B-00C04F79EFBC}") = "1.TicketCSS", "1.TicketCSS\1.TicketCSS.csproj", "{06256176-B56F-4D5B-B767-58A9F21A9ADF}"
EndProject
Project("{FAE04EC0-301F-11D3-BF4B-00C04F79EFBC}") = "2.InternationalEmployees", "2.InternationalEmployees\2.InternationalEmployees.csproj", "{ECC705E1-5E0B-4238-BEF0-F5AD3E442275}"
EndProject
Project("{FAE04EC0-301F-11D3-BF4B-00C04F79EFBC}") = "3.ForumPosts", "3.ForumPosts\3.ForumPosts.csproj", "{7F77BDB7-1AAB-4DC2-9773-5A8244845ADC}"
EndProject
Global
	GlobalSection(SolutionConfigurationPlatforms) = preSolution
		Debug|Any CPU = Debug|Any CPU
		Release|Any CPU = Release|Any CPU
	EndGlobalSection
	GlobalSection(ProjectConfigurationPlatforms) = postSolution
		{06256176-B56F-4D5B-B767-58A9F21A9ADF}.Debug|Any CPU.ActiveCfg = Debug|Any CPU
		{06256176-B56F-4D5B-B767-58A9F21A9ADF}.Debug|Any CPU.Build.0 = Debug|Any CPU
		{06256176-B56F-4D5B-B767-58A9F21A9ADF}.Release|Any CPU.ActiveCfg = Release|Any CPU
		{06256176-B56F-4D5B-B767-58A9F21A9ADF}.Release|Any CPU.Build.0 = Release|Any CPU
		{ECC705E1-5E0B-4238-BEF0-F5AD3E442275}.Debug|Any CPU.ActiveCfg = Debug|Any CPU
		{ECC705E1-5E0B-4238-BEF0-F5AD3E442275}.Debug|Any CPU.Build.0 = Debug|Any CPU
		{ECC705E1-5E0B-4238-BEF0-F5AD3E442275}.Release|Any CPU.ActiveCfg = Release|Any CPU
		{ECC705E1-5E0B-4238-BEF0-F5AD3E442275}.Release|Any CPU.Build.0 = Release|Any CPU
		{7F77BDB7-1AAB-4DC2-9773-5A8244845ADC}.Debug|Any CPU.ActiveCfg = Debug|Any CPU
		{7F77BDB7-1AAB-4DC2-9773-5A8244845ADC}.Debug|Any CPU.Build.0 = Debug|Any CPU
		{7F77BDB7-1AAB-4DC2-9773-5A8244845ADC}.Release|Any CPU.ActiveCfg = Release|Any CPU
		{7F77BDB7-1AAB-4DC2-9773-5A8244845ADC}.Release|Any CPU.Build.0 = Release|Any CPU
	EndGlobalSection
	GlobalSection(SolutionProperties) = preSolution
		HideSolutionNode = FALSE
	EndGlobalSection
EndGlobal
