
Microsoft Visual Studio Solution File, Format Version 12.00
# Visual Studio 2013
VisualStudioVersion = 12.0.31101.0
MinimumVisualStudioVersion = 10.0.40219.1
Project("{FAE04EC0-301F-11D3-BF4B-00C04F79EFBC}") = "1.TreeView", "1.TreeView\1.TreeView.csproj", "{28A9297C-42BB-41F6-A9DC-E5C984755B5F}"
EndProject
Project("{FAE04EC0-301F-11D3-BF4B-00C04F79EFBC}") = "2.MusicCategories", "2.MusicCategories\2.MusicCategories.csproj", "{59443AA5-9160-4CA1-9BFB-AA1E71F1ED36}"
EndProject
Project("{FAE04EC0-301F-11D3-BF4B-00C04F79EFBC}") = "3.MembersLogin", "3.MembersLogin\3.MembersLogin.csproj", "{0D848558-563A-496E-A5D7-5D53E030DEF0}"
EndProject
Project("{FAE04EC0-301F-11D3-BF4B-00C04F79EFBC}") = "4.CSSDocumentationSite", "4.CSSDocumentationSite\4.CSSDocumentationSite.csproj", "{546D7F4E-7E39-4EB8-868E-499B7737D9A1}"
EndProject
Project("{FAE04EC0-301F-11D3-BF4B-00C04F79EFBC}") = "5.LaptopStore", "5.LaptopStore\5.LaptopStore.csproj", "{AA233ADC-DE1E-42E5-991E-7AA46C3CE9D6}"
EndProject
Project("{FAE04EC0-301F-11D3-BF4B-00C04F79EFBC}") = "6.NewsSite", "6.NewsSite\6.NewsSite.csproj", "{900FBA4A-4040-47A7-BC48-399BD2BD6447}"
EndProject
Global
	GlobalSection(SolutionConfigurationPlatforms) = preSolution
		Debug|Any CPU = Debug|Any CPU
		Release|Any CPU = Release|Any CPU
	EndGlobalSection
	GlobalSection(ProjectConfigurationPlatforms) = postSolution
		{28A9297C-42BB-41F6-A9DC-E5C984755B5F}.Debug|Any CPU.ActiveCfg = Debug|Any CPU
		{28A9297C-42BB-41F6-A9DC-E5C984755B5F}.Debug|Any CPU.Build.0 = Debug|Any CPU
		{28A9297C-42BB-41F6-A9DC-E5C984755B5F}.Release|Any CPU.ActiveCfg = Release|Any CPU
		{28A9297C-42BB-41F6-A9DC-E5C984755B5F}.Release|Any CPU.Build.0 = Release|Any CPU
		{59443AA5-9160-4CA1-9BFB-AA1E71F1ED36}.Debug|Any CPU.ActiveCfg = Debug|Any CPU
		{59443AA5-9160-4CA1-9BFB-AA1E71F1ED36}.Debug|Any CPU.Build.0 = Debug|Any CPU
		{59443AA5-9160-4CA1-9BFB-AA1E71F1ED36}.Release|Any CPU.ActiveCfg = Release|Any CPU
		{59443AA5-9160-4CA1-9BFB-AA1E71F1ED36}.Release|Any CPU.Build.0 = Release|Any CPU
		{0D848558-563A-496E-A5D7-5D53E030DEF0}.Debug|Any CPU.ActiveCfg = Debug|Any CPU
		{0D848558-563A-496E-A5D7-5D53E030DEF0}.Debug|Any CPU.Build.0 = Debug|Any CPU
		{0D848558-563A-496E-A5D7-5D53E030DEF0}.Release|Any CPU.ActiveCfg = Release|Any CPU
		{0D848558-563A-496E-A5D7-5D53E030DEF0}.Release|Any CPU.Build.0 = Release|Any CPU
		{546D7F4E-7E39-4EB8-868E-499B7737D9A1}.Debug|Any CPU.ActiveCfg = Debug|Any CPU
		{546D7F4E-7E39-4EB8-868E-499B7737D9A1}.Debug|Any CPU.Build.0 = Debug|Any CPU
		{546D7F4E-7E39-4EB8-868E-499B7737D9A1}.Release|Any CPU.ActiveCfg = Release|Any CPU
		{546D7F4E-7E39-4EB8-868E-499B7737D9A1}.Release|Any CPU.Build.0 = Release|Any CPU
		{AA233ADC-DE1E-42E5-991E-7AA46C3CE9D6}.Debug|Any CPU.ActiveCfg = Debug|Any CPU
		{AA233ADC-DE1E-42E5-991E-7AA46C3CE9D6}.Debug|Any CPU.Build.0 = Debug|Any CPU
		{AA233ADC-DE1E-42E5-991E-7AA46C3CE9D6}.Release|Any CPU.ActiveCfg = Release|Any CPU
		{AA233ADC-DE1E-42E5-991E-7AA46C3CE9D6}.Release|Any CPU.Build.0 = Release|Any CPU
		{900FBA4A-4040-47A7-BC48-399BD2BD6447}.Debug|Any CPU.ActiveCfg = Debug|Any CPU
		{900FBA4A-4040-47A7-BC48-399BD2BD6447}.Debug|Any CPU.Build.0 = Debug|Any CPU
		{900FBA4A-4040-47A7-BC48-399BD2BD6447}.Release|Any CPU.ActiveCfg = Release|Any CPU
		{900FBA4A-4040-47A7-BC48-399BD2BD6447}.Release|Any CPU.Build.0 = Release|Any CPU
	EndGlobalSection
	GlobalSection(SolutionProperties) = preSolution
		HideSolutionNode = FALSE
	EndGlobalSection
EndGlobal
